
Microsoft Visual Studio Solution File, Format Version 12.00
# Visual Studio 2013
VisualStudioVersion = 12.0.21005.1
MinimumVisualStudioVersion = 10.0.40219.1
Project("{FAE04EC0-301F-11D3-BF4B-00C04F79EFBC}") = "MessangerFirst.WebUI", "MessangerFirst.WebUI\MessangerFirst.WebUI.csproj", "{B8B40EB9-4BC7-4BC1-9E62-95CA45E1932D}"
EndProject
Project("{FAE04EC0-301F-11D3-BF4B-00C04F79EFBC}") = "MessangerFirst.Core", "MessangerFirst.Core\MessangerFirst.Core.csproj", "{1A249128-F767-4ED9-B19B-45E547F750D9}"
EndProject
Project("{FAE04EC0-301F-11D3-BF4B-00C04F79EFBC}") = "MessangerFirst.Data", "MessangerFirst.Data\MessangerFirst.Data.csproj", "{80EECDD6-741F-49C0-97E8-63C488A0258A}"
EndProject
Project("{FAE04EC0-301F-11D3-BF4B-00C04F79EFBC}") = "MessangerFirst.Service", "MessangerFirst.Service\MessangerFirst.Service.csproj", "{5D6CE509-2EED-40C3-8925-87AB53919FB5}"
EndProject
Global
	GlobalSection(SolutionConfigurationPlatforms) = preSolution
		Debug|Any CPU = Debug|Any CPU
		Release|Any CPU = Release|Any CPU
	EndGlobalSection
	GlobalSection(ProjectConfigurationPlatforms) = postSolution
		{B8B40EB9-4BC7-4BC1-9E62-95CA45E1932D}.Debug|Any CPU.ActiveCfg = Debug|Any CPU
		{B8B40EB9-4BC7-4BC1-9E62-95CA45E1932D}.Debug|Any CPU.Build.0 = Debug|Any CPU
		{B8B40EB9-4BC7-4BC1-9E62-95CA45E1932D}.Release|Any CPU.ActiveCfg = Release|Any CPU
		{B8B40EB9-4BC7-4BC1-9E62-95CA45E1932D}.Release|Any CPU.Build.0 = Release|Any CPU
		{1A249128-F767-4ED9-B19B-45E547F750D9}.Debug|Any CPU.ActiveCfg = Debug|Any CPU
		{1A249128-F767-4ED9-B19B-45E547F750D9}.Debug|Any CPU.Build.0 = Debug|Any CPU
		{1A249128-F767-4ED9-B19B-45E547F750D9}.Release|Any CPU.ActiveCfg = Release|Any CPU
		{1A249128-F767-4ED9-B19B-45E547F750D9}.Release|Any CPU.Build.0 = Release|Any CPU
		{80EECDD6-741F-49C0-97E8-63C488A0258A}.Debug|Any CPU.ActiveCfg = Debug|Any CPU
		{80EECDD6-741F-49C0-97E8-63C488A0258A}.Debug|Any CPU.Build.0 = Debug|Any CPU
		{80EECDD6-741F-49C0-97E8-63C488A0258A}.Release|Any CPU.ActiveCfg = Release|Any CPU
		{80EECDD6-741F-49C0-97E8-63C488A0258A}.Release|Any CPU.Build.0 = Release|Any CPU
		{5D6CE509-2EED-40C3-8925-87AB53919FB5}.Debug|Any CPU.ActiveCfg = Debug|Any CPU
		{5D6CE509-2EED-40C3-8925-87AB53919FB5}.Debug|Any CPU.Build.0 = Debug|Any CPU
		{5D6CE509-2EED-40C3-8925-87AB53919FB5}.Release|Any CPU.ActiveCfg = Release|Any CPU
		{5D6CE509-2EED-40C3-8925-87AB53919FB5}.Release|Any CPU.Build.0 = Release|Any CPU
	EndGlobalSection
	GlobalSection(SolutionProperties) = preSolution
		HideSolutionNode = FALSE
	EndGlobalSection
EndGlobal
